// !$*UTF8*$!
{
	archiveVersion = 1;
	classes = {
	};
	objectVersion = 77;
	objects = {

/* Begin PBXBuildFile section */
		AC9F10112F00000100AA0001 /* Sparkle in Frameworks */ = {isa = PBXBuildFile; productRef = AC9F10132F00000100AA0001 /* Sparkle */; };
		ACCDF5EF2E1BEEA800BC736E /* Quartz.framework in Frameworks */ = {isa = PBXBuildFile; fileRef = ACCDF5EE2E1BEEA800BC736E /* Quartz.framework */; };
		ACCDF5FC2E1BEEA800BC736E /* IFFPreviewExtension.appex in Embed Foundation Extensions */ = {isa = PBXBuildFile; fileRef = ACCDF5EC2E1BEEA800BC736E /* IFFPreviewExtension.appex */; settings = {ATTRIBUTES = (RemoveHeadersOnCopy, ); }; };
		ACCDF6072E1BF54000BC736E /* QuickLook.framework in Frameworks */ = {isa = PBXBuildFile; fileRef = ACCDF6062E1BF54000BC736E /* QuickLook.framework */; };
		ACCDF6092E1BF54D00BC736E /* SwiftUI.framework in Frameworks */ = {isa = PBXBuildFile; fileRef = ACCDF6082E1BF54D00BC736E /* SwiftUI.framework */; };
		ACCDF60B2E1BF55700BC736E /* AppKit.framework in Frameworks */ = {isa = PBXBuildFile; fileRef = ACCDF60A2E1BF55700BC736E /* AppKit.framework */; };
/* End PBXBuildFile section */

/* Begin PBXContainerItemProxy section */
		ACCDF5FA2E1BEEA800BC736E /* PBXContainerItemProxy */ = {
			isa = PBXContainerItemProxy;
			containerPortal = ACCDF5D12E1BEE8600BC736E /* Project object */;
			proxyType = 1;
			remoteGlobalIDString = ACCDF5EB2E1BEEA800BC736E;
			remoteInfo = IFFPreviewExtension;
		};
/* End PBXContainerItemProxy section */

/* Begin PBXCopyFilesBuildPhase section */
		ACCDF6012E1BEEA800BC736E /* Embed Foundation Extensions */ = {
			isa = PBXCopyFilesBuildPhase;
			buildActionMask = 2147483647;
			dstPath = "";
			dstSubfolderSpec = 13;
			files = (
				ACCDF5FC2E1BEEA800BC736E /* IFFPreviewExtension.appex in Embed Foundation Extensions */,
			);
			name = "Embed Foundation Extensions";
			runOnlyForDeploymentPostprocessing = 0;
		};
/* End PBXCopyFilesBuildPhase section */

/* Begin PBXFileReference section */
		ACCDF5D92E1BEE8600BC736E /* IFFViewer.app */ = {isa = PBXFileReference; explicitFileType = wrapper.application; includeInIndex = 0; path = IFFViewer.app; sourceTree = BUILT_PRODUCTS_DIR; };
		ACCDF5EC2E1BEEA800BC736E /* IFFPreviewExtension.appex */ = {isa = PBXFileReference; explicitFileType = "wrapper.app-extension"; includeInIndex = 0; path = IFFPreviewExtension.appex; sourceTree = BUILT_PRODUCTS_DIR; };
		ACCDF5EE2E1BEEA800BC736E /* Quartz.framework */ = {isa = PBXFileReference; lastKnownFileType = wrapper.framework; name = Quartz.framework; path = System/Library/Frameworks/Quartz.framework; sourceTree = SDKROOT; };
		ACCDF6062E1BF54000BC736E /* QuickLook.framework */ = {isa = PBXFileReference; lastKnownFileType = wrapper.framework; name = QuickLook.framework; path = System/Library/Frameworks/QuickLook.framework; sourceTree = SDKROOT; };
		ACCDF6082E1BF54D00BC736E /* SwiftUI.framework */ = {isa = PBXFileReference; lastKnownFileType = wrapper.framework; name = SwiftUI.framework; path = System/Library/Frameworks/SwiftUI.framework; sourceTree = SDKROOT; };
		ACCDF60A2E1BF55700BC736E /* AppKit.framework */ = {isa = PBXFileReference; lastKnownFileType = wrapper.framework; name = AppKit.framework; path = System/Library/Frameworks/AppKit.framework; sourceTree = SDKROOT; };
/* End PBXFileReference section */

/* Begin PBXFileSystemSynchronizedBuildFileExceptionSet section */
		ACCDF5FD2E1BEEA800BC736E /* Exceptions for "IFFPreviewExtension" folder in "IFFPreviewExtension" target */ = {
			isa = PBXFileSystemSynchronizedBuildFileExceptionSet;
			membershipExceptions = (
				Info.plist,
			);
			target = ACCDF5EB2E1BEEA800BC736E /* IFFPreviewExtension */;
		};
/* End PBXFileSystemSynchronizedBuildFileExceptionSet section */

/* Begin PBXFileSystemSynchronizedRootGroup section */
		ACCDF5DB2E1BEE8600BC736E /* IFFViewer */ = {
			isa = PBXFileSystemSynchronizedRootGroup;
			path = IFFViewer;
			sourceTree = "<group>";
		};
		ACCDF5F02E1BEEA800BC736E /* IFFPreviewExtension */ = {
			isa = PBXFileSystemSynchronizedRootGroup;
			exceptions = (
				ACCDF5FD2E1BEEA800BC736E /* Exceptions for "IFFPreviewExtension" folder in "IFFPreviewExtension" target */,
			);
			path = IFFPreviewExtension;
			sourceTree = "<group>";
		};
/* End PBXFileSystemSynchronizedRootGroup section */

/* Begin PBXFrameworksBuildPhase section */
		ACCDF5D62E1BEE8600BC736E /* Frameworks */ = {
			isa = PBXFrameworksBuildPhase;
			buildActionMask = 2147483647;
			files = (
				AC9F10112F00000100AA0001 /* Sparkle in Frameworks */,
			);
			runOnlyForDeploymentPostprocessing = 0;
		};
		ACCDF5E92E1BEEA800BC736E /* Frameworks */ = {
			isa = PBXFrameworksBuildPhase;
			buildActionMask = 2147483647;
			files = (
				ACCDF5EF2E1BEEA800BC736E /* Quartz.framework in Frameworks */,
				ACCDF60B2E1BF55700BC736E /* AppKit.framework in Frameworks */,
				ACCDF6092E1BF54D00BC736E /* SwiftUI.framework in Frameworks */,
				ACCDF6072E1BF54000BC736E /* QuickLook.framework in Frameworks */,
			);
			runOnlyForDeploymentPostprocessing = 0;
		};
/* End PBXFrameworksBuildPhase section */

/* Begin PBXGroup section */
		ACCDF5D02E1BEE8600BC736E = {
			isa = PBXGroup;
			children = (
				ACCDF5DB2E1BEE8600BC736E /* IFFViewer */,
				ACCDF5F02E1BEEA800BC736E /* IFFPreviewExtension */,
				ACCDF5ED2E1BEEA800BC736E /* Frameworks */,
				ACCDF5DA2E1BEE8600BC736E /* Products */,
			);
			sourceTree = "<group>";
		};
		ACCDF5DA2E1BEE8600BC736E /* Products */ = {
			isa = PBXGroup;
			children = (
				ACCDF5D92E1BEE8600BC736E /* IFFViewer.app */,
				ACCDF5EC2E1BEEA800BC736E /* IFFPreviewExtension.appex */,
			);
			name = Products;
			sourceTree = "<group>";
		};
		ACCDF5ED2E1BEEA800BC736E /* Frameworks */ = {
			isa = PBXGroup;
			children = (
				ACCDF60A2E1BF55700BC736E /* AppKit.framework */,
				ACCDF6082E1BF54D00BC736E /* SwiftUI.framework */,
				ACCDF6062E1BF54000BC736E /* QuickLook.framework */,
				ACCDF5EE2E1BEEA800BC736E /* Quartz.framework */,
			);
			name = Frameworks;
			sourceTree = "<group>";
		};
/* End PBXGroup section */

/* Begin PBXNativeTarget section */
		ACCDF5D82E1BEE8600BC736E /* IFFViewer */ = {
			isa = PBXNativeTarget;
			buildConfigurationList = ACCDF5E52E1BEE8700BC736E /* Build configuration list for PBXNativeTarget "IFFViewer" */;
			buildPhases = (
				ACCDF5D52E1BEE8600BC736E /* Sources */,
				ACCDF5D62E1BEE8600BC736E /* Frameworks */,
				ACCDF5D72E1BEE8600BC736E /* Resources */,
				ACCDF6012E1BEEA800BC736E /* Embed Foundation Extensions */,
			);
			buildRules = (
			);
			dependencies = (
				ACCDF5FB2E1BEEA800BC736E /* PBXTargetDependency */,
			);
			fileSystemSynchronizedGroups = (
				ACCDF5DB2E1BEE8600BC736E /* IFFViewer */,
			);
			name = IFFViewer;
			packageProductDependencies = (
				AC9F10132F00000100AA0001 /* Sparkle */,
			);
			productName = IFFViewer;
			productReference = ACCDF5D92E1BEE8600BC736E /* IFFViewer.app */;
			productType = "com.apple.product-type.application";
		};
		ACCDF5EB2E1BEEA800BC736E /* IFFPreviewExtension */ = {
			isa = PBXNativeTarget;
			buildConfigurationList = ACCDF5FE2E1BEEA800BC736E /* Build configuration list for PBXNativeTarget "IFFPreviewExtension" */;
			buildPhases = (
				ACCDF5E82E1BEEA800BC736E /* Sources */,
				ACCDF5E92E1BEEA800BC736E /* Frameworks */,
				ACCDF5EA2E1BEEA800BC736E /* Resources */,
			);
			buildRules = (
			);
			dependencies = (
			);
			fileSystemSynchronizedGroups = (
				ACCDF5F02E1BEEA800BC736E /* IFFPreviewExtension */,
			);
			name = IFFPreviewExtension;
			packageProductDependencies = (
			);
			productName = IFFPreviewExtension;
			productReference = ACCDF5EC2E1BEEA800BC736E /* IFFPreviewExtension.appex */;
			productType = "com.apple.product-type.app-extension";
		};
/* End PBXNativeTarget section */

/* Begin PBXProject section */
		ACCDF5D12E1BEE8600BC736E /* Project object */ = {
			isa = PBXProject;
			attributes = {
				BuildIndependentTargetsInParallel = 1;
				LastSwiftUpdateCheck = 1640;
				LastUpgradeCheck = 1640;
				TargetAttributes = {
					ACCDF5D82E1BEE8600BC736E = {
						CreatedOnToolsVersion = 16.4;
					};
					ACCDF5EB2E1BEEA800BC736E = {
						CreatedOnToolsVersion = 16.4;
						LastSwiftMigration = 1640;
					};
				};
			};
			buildConfigurationList = ACCDF5D42E1BEE8600BC736E /* Build configuration list for PBXProject "IFFViewer" */;
			developmentRegion = en;
			hasScannedForEncodings = 0;
			knownRegions = (
				en,
				Base,
			);
			mainGroup = ACCDF5D02E1BEE8600BC736E;
			minimizedProjectReferenceProxies = 1;
			packageReferences = (
				AC9F10122F00000100AA0001 /* XCRemoteSwiftPackageReference "Sparkle" */,
			);
			preferredProjectObjectVersion = 77;
			productRefGroup = ACCDF5DA2E1BEE8600BC736E /* Products */;
			projectDirPath = "";
			projectRoot = "";
			targets = (
				ACCDF5D82E1BEE8600BC736E /* IFFViewer */,
				ACCDF5EB2E1BEEA800BC736E /* IFFPreviewExtension */,
			);
		};
/* End PBXProject section */

/* Begin PBXResourcesBuildPhase section */
		ACCDF5D72E1BEE8600BC736E /* Resources */ = {
			isa = PBXResourcesBuildPhase;
			buildActionMask = 2147483647;
			files = (
			);
			runOnlyForDeploymentPostprocessing = 0;
		};
		ACCDF5EA2E1BEEA800BC736E /* Resources */ = {
			isa = PBXResourcesBuildPhase;
			buildActionMask = 2147483647;
			files = (
			);
			runOnlyForDeploymentPostprocessing = 0;
		};
/* End PBXResourcesBuildPhase section */

/* Begin PBXSourcesBuildPhase section */
		ACCDF5D52E1BEE8600BC736E /* Sources */ = {
			isa = PBXSourcesBuildPhase;
			buildActionMask = 2147483647;
			files = (
			);
			runOnlyForDeploymentPostprocessing = 0;
		};
		ACCDF5E82E1BEEA800BC736E /* Sources */ = {
			isa = PBXSourcesBuildPhase;
			buildActionMask = 2147483647;
			files = (
			);
			runOnlyForDeploymentPostprocessing = 0;
		};
/* End PBXSourcesBuildPhase section */

/* Begin PBXTargetDependency section */
		ACCDF5FB2E1BEEA800BC736E /* PBXTargetDependency */ = {
			isa = PBXTargetDependency;
			target = ACCDF5EB2E1BEEA800BC736E /* IFFPreviewExtension */;
			targetProxy = ACCDF5FA2E1BEEA800BC736E /* PBXContainerItemProxy */;
		};
/* End PBXTargetDependency section */

/* Begin XCBuildConfiguration section */
		ACCDF5E32E1BEE8700BC736E /* Debug */ = {
			isa = XCBuildConfiguration;
			buildSettings = {
				ALWAYS_SEARCH_USER_PATHS = NO;
				ASSETCATALOG_COMPILER_GENERATE_SWIFT_ASSET_SYMBOL_EXTENSIONS = YES;
				CLANG_ANALYZER_NONNULL = YES;
				CLANG_ANALYZER_NUMBER_OBJECT_CONVERSION = YES_AGGRESSIVE;
				CLANG_CXX_LANGUAGE_STANDARD = "gnu++20";
				CLANG_ENABLE_MODULES = YES;
				CLANG_ENABLE_OBJC_ARC = YES;
				CLANG_ENABLE_OBJC_WEAK = YES;
				CLANG_WARN_BLOCK_CAPTURE_AUTORELEASING = YES;
				CLANG_WARN_BOOL_CONVERSION = YES;
				CLANG_WARN_COMMA = YES;
				CLANG_WARN_CONSTANT_CONVERSION = YES;
				CLANG_WARN_DEPRECATED_OBJC_IMPLEMENTATIONS = YES;
				CLANG_WARN_DIRECT_OBJC_ISA_USAGE = YES_ERROR;
				CLANG_WARN_DOCUMENTATION_COMMENTS = YES;
				CLANG_WARN_EMPTY_BODY = YES;
				CLANG_WARN_ENUM_CONVERSION = YES;
				CLANG_WARN_INFINITE_RECURSION = YES;
				CLANG_WARN_INT_CONVERSION = YES;
				CLANG_WARN_NON_LITERAL_NULL_CONVERSION = YES;
				CLANG_WARN_OBJC_IMPLICIT_RETAIN_SELF = YES;
				CLANG_WARN_OBJC_LITERAL_CONVERSION = YES;
				CLANG_WARN_OBJC_ROOT_CLASS = YES_ERROR;
				CLANG_WARN_QUOTED_INCLUDE_IN_FRAMEWORK_HEADER = YES;
				CLANG_WARN_RANGE_LOOP_ANALYSIS = YES;
				CLANG_WARN_STRICT_PROTOTYPES = YES;
				CLANG_WARN_SUSPICIOUS_MOVE = YES;
				CLANG_WARN_UNGUARDED_AVAILABILITY = YES_AGGRESSIVE;
				CLANG_WARN_UNREACHABLE_CODE = YES;
				CLANG_WARN__DUPLICATE_METHOD_MATCH = YES;
				COPY_PHASE_STRIP = NO;
				DEBUG_INFORMATION_FORMAT = dwarf;
				DEVELOPMENT_TEAM = QQ9PTQU945;
				ENABLE_STRICT_OBJC_MSGSEND = YES;
				ENABLE_TESTABILITY = YES;
				ENABLE_USER_SCRIPT_SANDBOXING = YES;
				GCC_C_LANGUAGE_STANDARD = gnu17;
				GCC_DYNAMIC_NO_PIC = NO;
				GCC_NO_COMMON_BLOCKS = YES;
				GCC_OPTIMIZATION_LEVEL = 0;
				GCC_PREPROCESSOR_DEFINITIONS = (
					"DEBUG=1",
					"$(inherited)",
				);
				GCC_WARN_64_TO_32_BIT_CONVERSION = YES;
				GCC_WARN_ABOUT_RETURN_TYPE = YES_ERROR;
				GCC_WARN_UNDECLARED_SELECTOR = YES;
				GCC_WARN_UNINITIALIZED_AUTOS = YES_AGGRESSIVE;
				GCC_WARN_UNUSED_FUNCTION = YES;
				GCC_WARN_UNUSED_VARIABLE = YES;
				LOCALIZATION_PREFERS_STRING_CATALOGS = YES;
				MACOSX_DEPLOYMENT_TARGET = 15.5;
				MTL_ENABLE_DEBUG_INFO = INCLUDE_SOURCE;
				MTL_FAST_MATH = YES;
				ONLY_ACTIVE_ARCH = YES;
				SDKROOT = macosx;
				SWIFT_ACTIVE_COMPILATION_CONDITIONS = "DEBUG $(inherited)";
				SWIFT_OPTIMIZATION_LEVEL = "-Onone";
			};
			name = Debug;
		};
		ACCDF5E42E1BEE8700BC736E /* Release */ = {
			isa = XCBuildConfiguration;
			buildSettings = {
				ALWAYS_SEARCH_USER_PATHS = NO;
				ASSETCATALOG_COMPILER_GENERATE_SWIFT_ASSET_SYMBOL_EXTENSIONS = YES;
				CLANG_ANALYZER_NONNULL = YES;
				CLANG_ANALYZER_NUMBER_OBJECT_CONVERSION = YES_AGGRESSIVE;
				CLANG_CXX_LANGUAGE_STANDARD = "gnu++20";
				CLANG_ENABLE_MODULES = YES;
				CLANG_ENABLE_OBJC_ARC = YES;
				CLANG_ENABLE_OBJC_WEAK = YES;
				CLANG_WARN_BLOCK_CAPTURE_AUTORELEASING = YES;
				CLANG_WARN_BOOL_CONVERSION = YES;
				CLANG_WARN_COMMA = YES;
				CLANG_WARN_CONSTANT_CONVERSION = YES;
				CLANG_WARN_DEPRECATED_OBJC_IMPLEMENTATIONS = YES;
				CLANG_WARN_DIRECT_OBJC_ISA_USAGE = YES_ERROR;
				CLANG_WARN_DOCUMENTATION_COMMENTS = YES;
				CLANG_WARN_EMPTY_BODY = YES;
				CLANG_WARN_ENUM_CONVERSION = YES;
				CLANG_WARN_INFINITE_RECURSION = YES;
				CLANG_WARN_INT_CONVERSION = YES;
				CLANG_WARN_NON_LITERAL_NULL_CONVERSION = YES;
				CLANG_WARN_OBJC_IMPLICIT_RETAIN_SELF = YES;
				CLANG_WARN_OBJC_LITERAL_CONVERSION = YES;
				CLANG_WARN_OBJC_ROOT_CLASS = YES_ERROR;
				CLANG_WARN_QUOTED_INCLUDE_IN_FRAMEWORK_HEADER = YES;
				CLANG_WARN_RANGE_LOOP_ANALYSIS = YES;
				CLANG_WARN_STRICT_PROTOTYPES = YES;
				CLANG_WARN_SUSPICIOUS_MOVE = YES;
				CLANG_WARN_UNGUARDED_AVAILABILITY = YES_AGGRESSIVE;
				CLANG_WARN_UNREACHABLE_CODE = YES;
				CLANG_WARN__DUPLICATE_METHOD_MATCH = YES;
				COPY_PHASE_STRIP = NO;
				DEBUG_INFORMATION_FORMAT = "dwarf-with-dsym";
				DEVELOPMENT_TEAM = QQ9PTQU945;
				ENABLE_NS_ASSERTIONS = NO;
				ENABLE_STRICT_OBJC_MSGSEND = YES;
				ENABLE_USER_SCRIPT_SANDBOXING = YES;
				GCC_C_LANGUAGE_STANDARD = gnu17;
				GCC_NO_COMMON_BLOCKS = YES;
				GCC_WARN_64_TO_32_BIT_CONVERSION = YES;
				GCC_WARN_ABOUT_RETURN_TYPE = YES_ERROR;
				GCC_WARN_UNDECLARED_SELECTOR = YES;
				GCC_WARN_UNINITIALIZED_AUTOS = YES_AGGRESSIVE;
				GCC_WARN_UNUSED_FUNCTION = YES;
				GCC_WARN_UNUSED_VARIABLE = YES;
				LOCALIZATION_PREFERS_STRING_CATALOGS = YES;
				MACOSX_DEPLOYMENT_TARGET = 15.5;
				MTL_ENABLE_DEBUG_INFO = NO;
				MTL_FAST_MATH = YES;
				SDKROOT = macosx;
				SWIFT_COMPILATION_MODE = wholemodule;
			};
			name = Release;
		};
		ACCDF5E62E1BEE8700BC736E /* Debug */ = {
			isa = XCBuildConfiguration;
			buildSettings = {
				ASSETCATALOG_COMPILER_APPICON_NAME = AppIcon;
				ASSETCATALOG_COMPILER_GLOBAL_ACCENT_COLOR_NAME = AccentColor;
				CODE_SIGN_ENTITLEMENTS = IFFViewer/IFFViewer.entitlements;
				"CODE_SIGN_IDENTITY[sdk=macosx*]" = "-";
				CODE_SIGN_STYLE = Automatic;
				COMBINE_HIDPI_IMAGES = YES;
				CURRENT_PROJECT_VERSION = 38;
				DEVELOPMENT_TEAM = QQ9PTQU945;
				ENABLE_HARDENED_RUNTIME = YES;
				ENABLE_PREVIEWS = YES;
				GENERATE_INFOPLIST_FILE = YES;
				INFOPLIST_KEY_LSApplicationCategoryType = "public.app-category.developer-tools";
				INFOPLIST_KEY_NSHumanReadableCopyright = "";
				INFOPLIST_KEY_SUFeedURL = "https://raw.githubusercontent.com/GINNOV/littlethings/master/Amiga/Tools/releases/appcast-iffviewer.xml";
				INFOPLIST_KEY_SUPublicEDKey = "Oq4b/BX26tC2nXfh+dmMFoHFP9RN8lyqxcgrZPY+Pd8=";
				LD_RUNPATH_SEARCH_PATHS = (
					"$(inherited)",
					"@executable_path/../Frameworks",
				);
				MARKETING_VERSION = 1.0;
				PRODUCT_BUNDLE_IDENTIFIER = com.theblifemovement.IFFViewer;
				PRODUCT_NAME = "$(TARGET_NAME)";
				REGISTER_APP_GROUPS = YES;
				SWIFT_EMIT_LOC_STRINGS = YES;
				SWIFT_VERSION = 5.0;
			};
			name = Debug;
		};
		ACCDF5E72E1BEE8700BC736E /* Release */ = {
			isa = XCBuildConfiguration;
			buildSettings = {
				ASSETCATALOG_COMPILER_APPICON_NAME = AppIcon;
				ASSETCATALOG_COMPILER_GLOBAL_ACCENT_COLOR_NAME = AccentColor;
				CODE_SIGN_ENTITLEMENTS = IFFViewer/IFFViewer.entitlements;
				"CODE_SIGN_IDENTITY[sdk=macosx*]" = "-";
				CODE_SIGN_STYLE = Automatic;
				COMBINE_HIDPI_IMAGES = YES;
				CURRENT_PROJECT_VERSION = 38;
				DEVELOPMENT_TEAM = QQ9PTQU945;
				ENABLE_HARDENED_RUNTIME = YES;
				ENABLE_PREVIEWS = YES;
				GENERATE_INFOPLIST_FILE = YES;
				INFOPLIST_KEY_LSApplicationCategoryType = "public.app-category.developer-tools";
				INFOPLIST_KEY_NSHumanReadableCopyright = "";
				INFOPLIST_KEY_SUFeedURL = "https://raw.githubusercontent.com/GINNOV/littlethings/master/Amiga/Tools/releases/appcast-iffviewer.xml";
				INFOPLIST_KEY_SUPublicEDKey = "Oq4b/BX26tC2nXfh+dmMFoHFP9RN8lyqxcgrZPY+Pd8=";
				LD_RUNPATH_SEARCH_PATHS = (
					"$(inherited)",
					"@executable_path/../Frameworks",
				);
				MARKETING_VERSION = 1.0;
				PRODUCT_BUNDLE_IDENTIFIER = com.theblifemovement.IFFViewer;
				PRODUCT_NAME = "$(TARGET_NAME)";
				REGISTER_APP_GROUPS = YES;
				SWIFT_EMIT_LOC_STRINGS = YES;
				SWIFT_VERSION = 5.0;
			};
			name = Release;
		};
		ACCDF5FF2E1BEEA800BC736E /* Debug */ = {
			isa = XCBuildConfiguration;
			buildSettings = {
				CLANG_ENABLE_MODULES = YES;
				CODE_SIGN_ENTITLEMENTS = IFFPreviewExtension/IFFPreviewExtension.entitlements;
				"CODE_SIGN_IDENTITY[sdk=macosx*]" = "-";
				CODE_SIGN_STYLE = Automatic;
				CURRENT_PROJECT_VERSION = 38;
				DEVELOPMENT_TEAM = QQ9PTQU945;
				ENABLE_HARDENED_RUNTIME = YES;
				GENERATE_INFOPLIST_FILE = YES;
				INFOPLIST_FILE = IFFPreviewExtension/Info.plist;
				INFOPLIST_KEY_CFBundleDisplayName = IFFPreviewExtension;
				INFOPLIST_KEY_NSHumanReadableCopyright = "";
				LD_RUNPATH_SEARCH_PATHS = (
					"$(inherited)",
					"@executable_path/../Frameworks",
					"@executable_path/../../../../Frameworks",
				);
				MARKETING_VERSION = 1.0;
				PRODUCT_BUNDLE_IDENTIFIER = com.theblifemovement.IFFViewer.IFFPreviewExtension;
				PRODUCT_NAME = "$(TARGET_NAME)";
				SKIP_INSTALL = YES;
				SWIFT_EMIT_LOC_STRINGS = YES;
				SWIFT_OBJC_BRIDGING_HEADER = "IFFPreviewExtension/IFFPreviewExtension-Bridging-Header.h";
				SWIFT_OPTIMIZATION_LEVEL = "-Onone";
				SWIFT_VERSION = 5.0;
			};
			name = Debug;
		};
		ACCDF6002E1BEEA800BC736E /* Release */ = {
			isa = XCBuildConfiguration;
			buildSettings = {
				CLANG_ENABLE_MODULES = YES;
				CODE_SIGN_ENTITLEMENTS = IFFPreviewExtension/IFFPreviewExtension.entitlements;
				"CODE_SIGN_IDENTITY[sdk=macosx*]" = "-";
				CODE_SIGN_STYLE = Automatic;
				CURRENT_PROJECT_VERSION = 38;
				DEVELOPMENT_TEAM = QQ9PTQU945;
				ENABLE_HARDENED_RUNTIME = YES;
				GENERATE_INFOPLIST_FILE = YES;
				INFOPLIST_FILE = IFFPreviewExtension/Info.plist;
				INFOPLIST_KEY_CFBundleDisplayName = IFFPreviewExtension;
				INFOPLIST_KEY_NSHumanReadableCopyright = "";
				LD_RUNPATH_SEARCH_PATHS = (
					"$(inherited)",
					"@executable_path/../Frameworks",
					"@executable_path/../../../../Frameworks",
				);
				MARKETING_VERSION = 1.0;
				PRODUCT_BUNDLE_IDENTIFIER = com.theblifemovement.IFFViewer.IFFPreviewExtension;
				PRODUCT_NAME = "$(TARGET_NAME)";
				SKIP_INSTALL = YES;
				SWIFT_EMIT_LOC_STRINGS = YES;
				SWIFT_OBJC_BRIDGING_HEADER = "IFFPreviewExtension/IFFPreviewExtension-Bridging-Header.h";
				SWIFT_VERSION = 5.0;
			};
			name = Release;
		};
/* End XCBuildConfiguration section */

/* Begin XCConfigurationList section */
		ACCDF5D42E1BEE8600BC736E /* Build configuration list for PBXProject "IFFViewer" */ = {
			isa = XCConfigurationList;
			buildConfigurations = (
				ACCDF5E32E1BEE8700BC736E /* Debug */,
				ACCDF5E42E1BEE8700BC736E /* Release */,
			);
			defaultConfigurationIsVisible = 0;
			defaultConfigurationName = Release;
		};
		ACCDF5E52E1BEE8700BC736E /* Build configuration list for PBXNativeTarget "IFFViewer" */ = {
			isa = XCConfigurationList;
			buildConfigurations = (
				ACCDF5E62E1BEE8700BC736E /* Debug */,
				ACCDF5E72E1BEE8700BC736E /* Release */,
			);
			defaultConfigurationIsVisible = 0;
			defaultConfigurationName = Release;
		};
		ACCDF5FE2E1BEEA800BC736E /* Build configuration list for PBXNativeTarget "IFFPreviewExtension" */ = {
			isa = XCConfigurationList;
			buildConfigurations = (
				ACCDF5FF2E1BEEA800BC736E /* Debug */,
				ACCDF6002E1BEEA800BC736E /* Release */,
			);
			defaultConfigurationIsVisible = 0;
			defaultConfigurationName = Release;
		};
/* End XCConfigurationList section */

/* Begin XCRemoteSwiftPackageReference section */
		AC9F10122F00000100AA0001 /* XCRemoteSwiftPackageReference "Sparkle" */ = {
			isa = XCRemoteSwiftPackageReference;
			repositoryURL = "https://github.com/sparkle-project/Sparkle.git";
			requirement = {
				kind = upToNextMajorVersion;
				minimumVersion = 2.7.1;
			};
		};
/* End XCRemoteSwiftPackageReference section */

/* Begin XCSwiftPackageProductDependency section */
		AC9F10132F00000100AA0001 /* Sparkle */ = {
			isa = XCSwiftPackageProductDependency;
			package = AC9F10122F00000100AA0001 /* XCRemoteSwiftPackageReference "Sparkle" */;
			productName = Sparkle;
		};
/* End XCSwiftPackageProductDependency section */
	};
	rootObject = ACCDF5D12E1BEE8600BC736E /* Project object */;
}
