// !$*UTF8*$!
{
	archiveVersion = 1;
	classes = {
	};
	objectVersion = 77;
	objects = {

/* Begin PBXBuildFile section */
		AC5FA94D2E4BBE7F00823F5D /* Sparkle in Frameworks */ = {isa = PBXBuildFile; productRef = AC5FA94C2E4BBE7F00823F5D /* Sparkle */; };
/* End PBXBuildFile section */

/* Begin PBXCopyFilesBuildPhase section */
		AC9B79042E50CD0E00D609FB /* CopyFiles */ = {
			isa = PBXCopyFilesBuildPhase;
			buildActionMask = 2147483647;
			dstPath = "";
			dstSubfolderSpec = 10;
			files = (
			);
			runOnlyForDeploymentPostprocessing = 0;
		};
/* End PBXCopyFilesBuildPhase section */

/* Begin PBXFileReference section */
		AC779D402DE101C300210E27 /* ADFinder.app */ = {isa = PBXFileReference; explicitFileType = wrapper.application; includeInIndex = 0; path = ADFinder.app; sourceTree = BUILT_PRODUCTS_DIR; };
		AC779D712DE1039800210E27 /* ADFinder-Bridging-Header.h */ = {isa = PBXFileReference; lastKnownFileType = sourcecode.c.h; name = "ADFinder-Bridging-Header.h"; path = "ADFinder/ADFinder-Bridging-Header.h"; sourceTree = "<group>"; };
		B20000012F00000000000001 /* ADFinderTests.xctest */ = {isa = PBXFileReference; explicitFileType = wrapper.cfbundle; includeInIndex = 0; path = ADFinderTests.xctest; sourceTree = BUILT_PRODUCTS_DIR; };
/* End PBXFileReference section */

/* Begin PBXContainerItemProxy section */
		B20000022F00000000000002 /* PBXContainerItemProxy */ = {
			isa = PBXContainerItemProxy;
			containerPortal = AC779D382DE101C300210E27 /* Project object */;
			proxyType = 1;
			remoteGlobalIDString = AC779D3F2DE101C300210E27;
			remoteInfo = ADFinder;
		};
/* End PBXContainerItemProxy section */

/* Begin PBXFileSystemSynchronizedBuildFileExceptionSet section */
		AC77A89B2DE17C6F00210E27 /* Exceptions for "ADFinder" folder in "ADFinder" target */ = {
			isa = PBXFileSystemSynchronizedBuildFileExceptionSet;
			membershipExceptions = (
				Info.plist,
			);
			target = AC779D3F2DE101C300210E27 /* ADFinder */;
		};
/* End PBXFileSystemSynchronizedBuildFileExceptionSet section */

/* Begin PBXFileSystemSynchronizedRootGroup section */
		AC779D422DE101C300210E27 /* ADFinder */ = {
			isa = PBXFileSystemSynchronizedRootGroup;
			exceptions = (
				AC77A89B2DE17C6F00210E27 /* Exceptions for "ADFinder" folder in "ADFinder" target */,
			);
			path = ADFinder;
			sourceTree = "<group>";
		};
		B20000032F00000000000003 /* ADFinderTests */ = {
			isa = PBXFileSystemSynchronizedRootGroup;
			path = ADFinderTests;
			sourceTree = "<group>";
		};
/* End PBXFileSystemSynchronizedRootGroup section */

/* Begin PBXFrameworksBuildPhase section */
		AC779D3D2DE101C300210E27 /* Frameworks */ = {
			isa = PBXFrameworksBuildPhase;
			buildActionMask = 2147483647;
			files = (
				AC5FA94D2E4BBE7F00823F5D /* Sparkle in Frameworks */,
			);
			runOnlyForDeploymentPostprocessing = 0;
		};
		B20000042F00000000000004 /* Frameworks */ = {
			isa = PBXFrameworksBuildPhase;
			buildActionMask = 2147483647;
			files = (
			);
			runOnlyForDeploymentPostprocessing = 0;
		};
/* End PBXFrameworksBuildPhase section */

/* Begin PBXGroup section */
		AC779D372DE101C300210E27 = {
			isa = PBXGroup;
			children = (
				AC779D712DE1039800210E27 /* ADFinder-Bridging-Header.h */,
				AC779D422DE101C300210E27 /* ADFinder */,
				B20000032F00000000000003 /* ADFinderTests */,
				AC779D412DE101C300210E27 /* Products */,
			);
			sourceTree = "<group>";
		};
		AC779D412DE101C300210E27 /* Products */ = {
			isa = PBXGroup;
			children = (
				AC779D402DE101C300210E27 /* ADFinder.app */,
				B20000012F00000000000001 /* ADFinderTests.xctest */,
			);
			name = Products;
			sourceTree = "<group>";
		};
/* End PBXGroup section */

/* Begin PBXNativeTarget section */
		AC779D3F2DE101C300210E27 /* ADFinder */ = {
			isa = PBXNativeTarget;
			buildConfigurationList = AC779D4C2DE101C400210E27 /* Build configuration list for PBXNativeTarget "ADFinder" */;
			buildPhases = (
				B30000012F00000000000001 /* Build verified ADFlib */,
				AC779D3C2DE101C300210E27 /* Sources */,
				AC779D3D2DE101C300210E27 /* Frameworks */,
				AC779D3E2DE101C300210E27 /* Resources */,
				AC9B79042E50CD0E00D609FB /* CopyFiles */,
			);
			buildRules = (
			);
			dependencies = (
			);
			fileSystemSynchronizedGroups = (
				AC779D422DE101C300210E27 /* ADFinder */,
			);
			name = ADFinder;
			packageProductDependencies = (
				AC5FA94C2E4BBE7F00823F5D /* Sparkle */,
			);
			productName = ADFinder;
			productReference = AC779D402DE101C300210E27 /* ADFinder.app */;
			productType = "com.apple.product-type.application";
		};
		B20000052F00000000000005 /* ADFinderTests */ = {
			isa = PBXNativeTarget;
			buildConfigurationList = B20000062F00000000000006 /* Build configuration list for PBXNativeTarget "ADFinderTests" */;
			buildPhases = (
				B20000072F00000000000007 /* Sources */,
				B20000042F00000000000004 /* Frameworks */,
				B20000082F00000000000008 /* Resources */,
			);
			buildRules = (
			);
			dependencies = (
				B20000092F00000000000009 /* PBXTargetDependency */,
			);
			fileSystemSynchronizedGroups = (
				B20000032F00000000000003 /* ADFinderTests */,
			);
			name = ADFinderTests;
			productName = ADFinderTests;
			productReference = B20000012F00000000000001 /* ADFinderTests.xctest */;
			productType = "com.apple.product-type.bundle.unit-test";
		};
/* End PBXNativeTarget section */

/* Begin PBXProject section */
		AC779D382DE101C300210E27 /* Project object */ = {
			isa = PBXProject;
			attributes = {
				BuildIndependentTargetsInParallel = 1;
				LastSwiftUpdateCheck = 1630;
				LastUpgradeCheck = 1640;
				TargetAttributes = {
					AC779D3F2DE101C300210E27 = {
						CreatedOnToolsVersion = 16.3;
						LastSwiftMigration = 1630;
					};
					B20000052F00000000000005 = {
						CreatedOnToolsVersion = 16.4;
						TestTargetID = AC779D3F2DE101C300210E27;
					};
				};
			};
			buildConfigurationList = AC779D3B2DE101C300210E27 /* Build configuration list for PBXProject "ADFinder" */;
			developmentRegion = en;
			hasScannedForEncodings = 0;
			knownRegions = (
				en,
				Base,
			);
			mainGroup = AC779D372DE101C300210E27;
			minimizedProjectReferenceProxies = 1;
			packageReferences = (
				AC5FA94B2E4BBE7F00823F5D /* XCRemoteSwiftPackageReference "Sparkle" */,
			);
			preferredProjectObjectVersion = 77;
			productRefGroup = AC779D412DE101C300210E27 /* Products */;
			projectDirPath = "";
			projectRoot = "";
			targets = (
				AC779D3F2DE101C300210E27 /* ADFinder */,
				B20000052F00000000000005 /* ADFinderTests */,
			);
		};
/* End PBXProject section */

/* Begin PBXResourcesBuildPhase section */
		AC779D3E2DE101C300210E27 /* Resources */ = {
			isa = PBXResourcesBuildPhase;
			buildActionMask = 2147483647;
			files = (
			);
			runOnlyForDeploymentPostprocessing = 0;
		};
		B20000082F00000000000008 /* Resources */ = {
			isa = PBXResourcesBuildPhase;
			buildActionMask = 2147483647;
			files = (
			);
			runOnlyForDeploymentPostprocessing = 0;
		};
/* End PBXResourcesBuildPhase section */

/* Begin PBXShellScriptBuildPhase section */
		B30000012F00000000000001 /* Build verified ADFlib */ = {
			isa = PBXShellScriptBuildPhase;
			alwaysOutOfDate = 0;
			buildActionMask = 2147483647;
			files = (
			);
			inputPaths = (
				"$(SRCROOT)/../build-support/adflib/build-for-xcode.sh",
				"$(SRCROOT)/../build-support/adflib/ADFlibDependency.cmake",
				"$(SRCROOT)/../build-support/adflib/stage_adflib.py",
				"$(SRCROOT)/../build-support/adflib/patches/0001-cmake-disable-examples.patch",
				"$(ADFLIB_VERIFIED_SOURCE_ROOT)",
				"$(SRCROOT)/../../../LICENSE",
				"$(SRCROOT)/THIRD_PARTY_NOTICES.md",
			);
			name = "Build verified ADFlib";
			outputPaths = (
				"$(ADFLIB_BUILD_ROOT)/include/adflib.h",
				"$(ADFLIB_BUILD_ROOT)/include/adf_version.h",
				"$(ADFLIB_BUILD_ROOT)/libadf.a",
				"$(ADFLIB_BUILD_ROOT)/adflib-identity.json",
				"$(ADFLIB_BUILD_ROOT)/adflib-transport.json",
				"$(ADFLIB_BUILD_ROOT)/adflib-provenance.json",
				"$(ADFLIB_BUILD_ROOT)/adflib-build.stamp",
				"$(TARGET_BUILD_DIR)/$(UNLOCALIZED_RESOURCES_FOLDER_PATH)/adflib-provenance.json",
				"$(TARGET_BUILD_DIR)/$(UNLOCALIZED_RESOURCES_FOLDER_PATH)/LICENSE-MIT.txt",
				"$(TARGET_BUILD_DIR)/$(UNLOCALIZED_RESOURCES_FOLDER_PATH)/GPL-2.0.txt",
				"$(TARGET_BUILD_DIR)/$(UNLOCALIZED_RESOURCES_FOLDER_PATH)/ADFlib-COPYING",
				"$(TARGET_BUILD_DIR)/$(UNLOCALIZED_RESOURCES_FOLDER_PATH)/THIRD_PARTY_NOTICES.md",
				"$(TARGET_BUILD_DIR)/$(UNLOCALIZED_RESOURCES_FOLDER_PATH)/ADFlib-source-notices/adflib.c",
				"$(TARGET_BUILD_DIR)/$(UNLOCALIZED_RESOURCES_FOLDER_PATH)/ADFlib-source-notices/adf_version.h",
				"$(TARGET_BUILD_DIR)/$(UNLOCALIZED_RESOURCES_FOLDER_PATH)/ADFlib-source-notices/adf_limits.h",
			);
			runOnlyForDeploymentPostprocessing = 0;
			shellPath = /bin/bash;
			shellScript = "\"$SRCROOT/../build-support/adflib/build-for-xcode.sh\" \"$ADFLIB_VERIFIED_SOURCE_ROOT\" \"$DERIVED_FILE_DIR\" \"$CONFIGURATION\" \"$CURRENT_ARCH\"\nresources=\"$TARGET_BUILD_DIR/$UNLOCALIZED_RESOURCES_FOLDER_PATH\"\nmkdir -p \"$resources/ADFlib-source-notices\"\ncp \"$ADFLIB_BUILD_ROOT/adflib-provenance.json\" \"$resources/adflib-provenance.json\"\ncp \"$SRCROOT/../../../LICENSE\" \"$resources/LICENSE-MIT.txt\"\ncp \"$ADFLIB_VERIFIED_SOURCE_ROOT/COPYING-GPL2\" \"$resources/GPL-2.0.txt\"\ncp \"$ADFLIB_VERIFIED_SOURCE_ROOT/COPYING\" \"$resources/ADFlib-COPYING\"\ncp \"$SRCROOT/THIRD_PARTY_NOTICES.md\" \"$resources/THIRD_PARTY_NOTICES.md\"\ncp \"$ADFLIB_VERIFIED_SOURCE_ROOT/src/adflib.c\" \"$ADFLIB_VERIFIED_SOURCE_ROOT/src/adf_version.h\" \"$ADFLIB_VERIFIED_SOURCE_ROOT/src/adf_limits.h\" \"$resources/ADFlib-source-notices/\"\n";
		};
/* End PBXShellScriptBuildPhase section */

/* Begin PBXSourcesBuildPhase section */
		AC779D3C2DE101C300210E27 /* Sources */ = {
			isa = PBXSourcesBuildPhase;
			buildActionMask = 2147483647;
			files = (
			);
			runOnlyForDeploymentPostprocessing = 0;
		};
		B20000072F00000000000007 /* Sources */ = {
			isa = PBXSourcesBuildPhase;
			buildActionMask = 2147483647;
			files = (
			);
			runOnlyForDeploymentPostprocessing = 0;
		};
/* End PBXSourcesBuildPhase section */

/* Begin PBXTargetDependency section */
		B20000092F00000000000009 /* PBXTargetDependency */ = {
			isa = PBXTargetDependency;
			target = AC779D3F2DE101C300210E27 /* ADFinder */;
			targetProxy = B20000022F00000000000002 /* PBXContainerItemProxy */;
		};
/* End PBXTargetDependency section */

/* Begin XCBuildConfiguration section */
		AC779D4A2DE101C400210E27 /* Debug */ = {
			isa = XCBuildConfiguration;
			buildSettings = {
				ALWAYS_SEARCH_USER_PATHS = NO;
				ASSETCATALOG_COMPILER_GENERATE_SWIFT_ASSET_SYMBOL_EXTENSIONS = YES;
				CLANG_ANALYZER_NONNULL = YES;
				CLANG_ANALYZER_NUMBER_OBJECT_CONVERSION = YES_AGGRESSIVE;
				CLANG_CXX_LANGUAGE_STANDARD = "gnu++20";
				CLANG_ENABLE_MODULES = YES;
				CLANG_ENABLE_OBJC_ARC = YES;
				CLANG_ENABLE_OBJC_WEAK = YES;
				CLANG_WARN_BLOCK_CAPTURE_AUTORELEASING = YES;
				CLANG_WARN_BOOL_CONVERSION = YES;
				CLANG_WARN_COMMA = YES;
				CLANG_WARN_CONSTANT_CONVERSION = YES;
				CLANG_WARN_DEPRECATED_OBJC_IMPLEMENTATIONS = YES;
				CLANG_WARN_DIRECT_OBJC_ISA_USAGE = YES_ERROR;
				CLANG_WARN_DOCUMENTATION_COMMENTS = YES;
				CLANG_WARN_EMPTY_BODY = YES;
				CLANG_WARN_ENUM_CONVERSION = YES;
				CLANG_WARN_INFINITE_RECURSION = YES;
				CLANG_WARN_INT_CONVERSION = YES;
				CLANG_WARN_NON_LITERAL_NULL_CONVERSION = YES;
				CLANG_WARN_OBJC_IMPLICIT_RETAIN_SELF = YES;
				CLANG_WARN_OBJC_LITERAL_CONVERSION = YES;
				CLANG_WARN_OBJC_ROOT_CLASS = YES_ERROR;
				CLANG_WARN_QUOTED_INCLUDE_IN_FRAMEWORK_HEADER = YES;
				CLANG_WARN_RANGE_LOOP_ANALYSIS = YES;
				CLANG_WARN_STRICT_PROTOTYPES = YES;
				CLANG_WARN_SUSPICIOUS_MOVE = YES;
				CLANG_WARN_UNGUARDED_AVAILABILITY = YES_AGGRESSIVE;
				CLANG_WARN_UNREACHABLE_CODE = YES;
				CLANG_WARN__DUPLICATE_METHOD_MATCH = YES;
				CODE_SIGN_ENTITLEMENTS = "$(SRCROOT)/ADFinder/ADFinder.entitlements";
				COPY_PHASE_STRIP = NO;
				DEAD_CODE_STRIPPING = YES;
				DEBUG_INFORMATION_FORMAT = dwarf;
				DEVELOPMENT_TEAM = QQ9PTQU945;
				ENABLE_OUTGOING_NETWORK_CONNECTIONS = YES;
				ENABLE_STRICT_OBJC_MSGSEND = YES;
				ENABLE_TESTABILITY = YES;
				ENABLE_USER_SCRIPT_SANDBOXING = NO;
				GCC_C_LANGUAGE_STANDARD = gnu17;
				GCC_DYNAMIC_NO_PIC = NO;
				GCC_NO_COMMON_BLOCKS = YES;
				GCC_OPTIMIZATION_LEVEL = 0;
				GCC_PREPROCESSOR_DEFINITIONS = (
					"DEBUG=1",
					"$(inherited)",
				);
				GCC_WARN_64_TO_32_BIT_CONVERSION = YES;
				GCC_WARN_ABOUT_RETURN_TYPE = YES_ERROR;
				GCC_WARN_UNDECLARED_SELECTOR = YES;
				GCC_WARN_UNINITIALIZED_AUTOS = YES_AGGRESSIVE;
				GCC_WARN_UNUSED_FUNCTION = YES;
				GCC_WARN_UNUSED_VARIABLE = YES;
				HEADER_SEARCH_PATHS = "$(ADFLIB_BUILD_ROOT)/include";
				LIBRARY_SEARCH_PATHS = "$(ADFLIB_BUILD_ROOT)";
				LOCALIZATION_PREFERS_STRING_CATALOGS = YES;
				MACOSX_DEPLOYMENT_TARGET = 15.0;
				MTL_ENABLE_DEBUG_INFO = INCLUDE_SOURCE;
				MTL_FAST_MATH = YES;
				ONLY_ACTIVE_ARCH = YES;
				SDKROOT = macosx;
				SWIFT_ACTIVE_COMPILATION_CONDITIONS = "DEBUG $(inherited)";
				SWIFT_OBJC_BRIDGING_HEADER = "$(SRCROOT)/ADFinder/ADFinder-Bridging-Header.h";
				SWIFT_OPTIMIZATION_LEVEL = "-Onone";
			};
			name = Debug;
		};
		AC779D4B2DE101C400210E27 /* Release */ = {
			isa = XCBuildConfiguration;
			buildSettings = {
				ALWAYS_SEARCH_USER_PATHS = NO;
				ASSETCATALOG_COMPILER_GENERATE_SWIFT_ASSET_SYMBOL_EXTENSIONS = YES;
				CLANG_ANALYZER_NONNULL = YES;
				CLANG_ANALYZER_NUMBER_OBJECT_CONVERSION = YES_AGGRESSIVE;
				CLANG_CXX_LANGUAGE_STANDARD = "gnu++20";
				CLANG_ENABLE_MODULES = YES;
				CLANG_ENABLE_OBJC_ARC = YES;
				CLANG_ENABLE_OBJC_WEAK = YES;
				CLANG_WARN_BLOCK_CAPTURE_AUTORELEASING = YES;
				CLANG_WARN_BOOL_CONVERSION = YES;
				CLANG_WARN_COMMA = YES;
				CLANG_WARN_CONSTANT_CONVERSION = YES;
				CLANG_WARN_DEPRECATED_OBJC_IMPLEMENTATIONS = YES;
				CLANG_WARN_DIRECT_OBJC_ISA_USAGE = YES_ERROR;
				CLANG_WARN_DOCUMENTATION_COMMENTS = YES;
				CLANG_WARN_EMPTY_BODY = YES;
				CLANG_WARN_ENUM_CONVERSION = YES;
				CLANG_WARN_INFINITE_RECURSION = YES;
				CLANG_WARN_INT_CONVERSION = YES;
				CLANG_WARN_NON_LITERAL_NULL_CONVERSION = YES;
				CLANG_WARN_OBJC_IMPLICIT_RETAIN_SELF = YES;
				CLANG_WARN_OBJC_LITERAL_CONVERSION = YES;
				CLANG_WARN_OBJC_ROOT_CLASS = YES_ERROR;
				CLANG_WARN_QUOTED_INCLUDE_IN_FRAMEWORK_HEADER = YES;
				CLANG_WARN_RANGE_LOOP_ANALYSIS = YES;
				CLANG_WARN_STRICT_PROTOTYPES = YES;
				CLANG_WARN_SUSPICIOUS_MOVE = YES;
				CLANG_WARN_UNGUARDED_AVAILABILITY = YES_AGGRESSIVE;
				CLANG_WARN_UNREACHABLE_CODE = YES;
				CLANG_WARN__DUPLICATE_METHOD_MATCH = YES;
				CODE_SIGN_ENTITLEMENTS = "$(SRCROOT)/ADFinder/ADFinder.entitlements";
				COPY_PHASE_STRIP = NO;
				DEAD_CODE_STRIPPING = YES;
				DEBUG_INFORMATION_FORMAT = "dwarf-with-dsym";
				DEVELOPMENT_TEAM = QQ9PTQU945;
				ENABLE_NS_ASSERTIONS = NO;
				ENABLE_OUTGOING_NETWORK_CONNECTIONS = YES;
				ENABLE_STRICT_OBJC_MSGSEND = YES;
				ENABLE_USER_SCRIPT_SANDBOXING = NO;
				GCC_C_LANGUAGE_STANDARD = gnu17;
				GCC_NO_COMMON_BLOCKS = YES;
				GCC_WARN_64_TO_32_BIT_CONVERSION = YES;
				GCC_WARN_ABOUT_RETURN_TYPE = YES_ERROR;
				GCC_WARN_UNDECLARED_SELECTOR = YES;
				GCC_WARN_UNINITIALIZED_AUTOS = YES_AGGRESSIVE;
				GCC_WARN_UNUSED_FUNCTION = YES;
				GCC_WARN_UNUSED_VARIABLE = YES;
				HEADER_SEARCH_PATHS = "$(ADFLIB_BUILD_ROOT)/include";
				LIBRARY_SEARCH_PATHS = "$(ADFLIB_BUILD_ROOT)";
				LOCALIZATION_PREFERS_STRING_CATALOGS = YES;
				MACOSX_DEPLOYMENT_TARGET = 15.0;
				MTL_ENABLE_DEBUG_INFO = NO;
				MTL_FAST_MATH = YES;
				SDKROOT = macosx;
				SWIFT_COMPILATION_MODE = wholemodule;
				SWIFT_OBJC_BRIDGING_HEADER = "$(SRCROOT)/ADFinder/ADFinder-Bridging-Header.h";
			};
			name = Release;
		};
		AC779D4D2DE101C400210E27 /* Debug */ = {
			isa = XCBuildConfiguration;
			buildSettings = {
				ADFLIB_BUILD_ROOT = "$(DERIVED_FILE_DIR)/adflib/$(CONFIGURATION)/$(CURRENT_ARCH)";
				ASSETCATALOG_COMPILER_APPICON_NAME = AppIcon;
				ASSETCATALOG_COMPILER_GLOBAL_ACCENT_COLOR_NAME = AccentColor;
				CLANG_ENABLE_MODULES = YES;
				CODE_SIGN_ENTITLEMENTS = "$(SRCROOT)/ADFinder/ADFinder.entitlements";
				CODE_SIGN_IDENTITY = "Apple Development";
				"CODE_SIGN_IDENTITY[sdk=macosx*]" = "-";
				CODE_SIGN_STYLE = Automatic;
				COMBINE_HIDPI_IMAGES = YES;
				CURRENT_PROJECT_VERSION = 1239;
				DEAD_CODE_STRIPPING = YES;
				DEBUG_INFORMATION_FORMAT = dwarf;
				DEVELOPMENT_TEAM = QQ9PTQU945;
				ENABLE_HARDENED_RUNTIME = YES;
				ENABLE_PREVIEWS = YES;
				GENERATE_INFOPLIST_FILE = YES;
				ENABLE_USER_SCRIPT_SANDBOXING = NO;
				HEADER_SEARCH_PATHS = "$(ADFLIB_BUILD_ROOT)/include";
				INFOPLIST_FILE = "$(SRCROOT)/ADFinder/Info.plist";
				INFOPLIST_KEY_CFBundleDisplayName = "";
				INFOPLIST_KEY_LSApplicationCategoryType = "public.app-category.developer-tools";
				INFOPLIST_KEY_NSHumanReadableCopyright = "";
				LD_RUNPATH_SEARCH_PATHS = (
					"$(inherited)",
					"@executable_path/../Frameworks",
				);
				LIBRARY_SEARCH_PATHS = (
					"$(inherited)",
					"$(ADFLIB_BUILD_ROOT)",
				);
				MACOSX_DEPLOYMENT_TARGET = 15.0;
				MARKETING_VERSION = 1.2.5;
				OTHER_LDFLAGS = "-ladf";
				PRODUCT_BUNDLE_IDENTIFIER = com.theblifemovement.ADFinder;
				PRODUCT_NAME = "$(TARGET_NAME)";
				PROVISIONING_PROFILE_SPECIFIER = "";
				REGISTER_APP_GROUPS = YES;
				SWIFT_EMIT_LOC_STRINGS = YES;
				SWIFT_OPTIMIZATION_LEVEL = "-Onone";
				SWIFT_VERSION = 5.0;
			};
			name = Debug;
		};
		AC779D4E2DE101C400210E27 /* Release */ = {
			isa = XCBuildConfiguration;
			buildSettings = {
				ADFLIB_BUILD_ROOT = "$(DERIVED_FILE_DIR)/adflib/$(CONFIGURATION)/$(CURRENT_ARCH)";
				ASSETCATALOG_COMPILER_APPICON_NAME = AppIcon;
				ASSETCATALOG_COMPILER_GLOBAL_ACCENT_COLOR_NAME = AccentColor;
				CLANG_ENABLE_MODULES = YES;
				CODE_SIGN_ENTITLEMENTS = "$(SRCROOT)/ADFinder/ADFinder.entitlements";
				CODE_SIGN_IDENTITY = "Apple Development";
				"CODE_SIGN_IDENTITY[sdk=macosx*]" = "-";
				CODE_SIGN_STYLE = Automatic;
				COMBINE_HIDPI_IMAGES = YES;
				CURRENT_PROJECT_VERSION = 1239;
				DEAD_CODE_STRIPPING = YES;
				DEBUG_INFORMATION_FORMAT = dwarf;
				DEVELOPMENT_TEAM = QQ9PTQU945;
				ENABLE_HARDENED_RUNTIME = YES;
				ENABLE_PREVIEWS = YES;
				GENERATE_INFOPLIST_FILE = YES;
				ENABLE_USER_SCRIPT_SANDBOXING = NO;
				HEADER_SEARCH_PATHS = "$(ADFLIB_BUILD_ROOT)/include";
				INFOPLIST_FILE = "$(SRCROOT)/ADFinder/Info.plist";
				INFOPLIST_KEY_CFBundleDisplayName = "";
				INFOPLIST_KEY_LSApplicationCategoryType = "public.app-category.developer-tools";
				INFOPLIST_KEY_NSHumanReadableCopyright = "";
				LD_RUNPATH_SEARCH_PATHS = (
					"$(inherited)",
					"@executable_path/../Frameworks",
				);
				LIBRARY_SEARCH_PATHS = (
					"$(inherited)",
					"$(ADFLIB_BUILD_ROOT)",
				);
				MACOSX_DEPLOYMENT_TARGET = 15.0;
				MARKETING_VERSION = 1.2.5;
				OTHER_LDFLAGS = "-ladf";
				PRODUCT_BUNDLE_IDENTIFIER = com.theblifemovement.ADFinder;
				PRODUCT_NAME = "$(TARGET_NAME)";
				PROVISIONING_PROFILE_SPECIFIER = "";
				REGISTER_APP_GROUPS = YES;
				SWIFT_EMIT_LOC_STRINGS = YES;
				SWIFT_VERSION = 5.0;
			};
			name = Release;
		};
		B200000A2F0000000000000A /* Debug */ = {
			isa = XCBuildConfiguration;
			buildSettings = {
				BUNDLE_LOADER = "$(TEST_HOST)";
				CODE_SIGN_STYLE = Automatic;
				DEVELOPMENT_TEAM = QQ9PTQU945;
				ENABLE_USER_SCRIPT_SANDBOXING = NO;
				GENERATE_INFOPLIST_FILE = YES;
				MACOSX_DEPLOYMENT_TARGET = 15.0;
				PRODUCT_BUNDLE_IDENTIFIER = com.theblifemovement.ADFinderTests;
				PRODUCT_NAME = "$(TARGET_NAME)";
				SWIFT_VERSION = 5.0;
				TEST_HOST = "$(BUILT_PRODUCTS_DIR)/ADFinder.app/Contents/MacOS/ADFinder";
			};
			name = Debug;
		};
		B200000B2F0000000000000B /* Release */ = {
			isa = XCBuildConfiguration;
			buildSettings = {
				BUNDLE_LOADER = "$(TEST_HOST)";
				CODE_SIGN_STYLE = Automatic;
				DEVELOPMENT_TEAM = QQ9PTQU945;
				ENABLE_USER_SCRIPT_SANDBOXING = NO;
				GENERATE_INFOPLIST_FILE = YES;
				MACOSX_DEPLOYMENT_TARGET = 15.0;
				PRODUCT_BUNDLE_IDENTIFIER = com.theblifemovement.ADFinderTests;
				PRODUCT_NAME = "$(TARGET_NAME)";
				SWIFT_VERSION = 5.0;
				TEST_HOST = "$(BUILT_PRODUCTS_DIR)/ADFinder.app/Contents/MacOS/ADFinder";
			};
			name = Release;
		};
/* End XCBuildConfiguration section */

/* Begin XCConfigurationList section */
		AC779D3B2DE101C300210E27 /* Build configuration list for PBXProject "ADFinder" */ = {
			isa = XCConfigurationList;
			buildConfigurations = (
				AC779D4A2DE101C400210E27 /* Debug */,
				AC779D4B2DE101C400210E27 /* Release */,
			);
			defaultConfigurationIsVisible = 0;
			defaultConfigurationName = Release;
		};
		AC779D4C2DE101C400210E27 /* Build configuration list for PBXNativeTarget "ADFinder" */ = {
			isa = XCConfigurationList;
			buildConfigurations = (
				AC779D4D2DE101C400210E27 /* Debug */,
				AC779D4E2DE101C400210E27 /* Release */,
			);
			defaultConfigurationIsVisible = 0;
			defaultConfigurationName = Release;
		};
		B20000062F00000000000006 /* Build configuration list for PBXNativeTarget "ADFinderTests" */ = {
			isa = XCConfigurationList;
			buildConfigurations = (
				B200000A2F0000000000000A /* Debug */,
				B200000B2F0000000000000B /* Release */,
			);
			defaultConfigurationIsVisible = 0;
			defaultConfigurationName = Release;
		};
/* End XCConfigurationList section */

/* Begin XCRemoteSwiftPackageReference section */
		AC5FA94B2E4BBE7F00823F5D /* XCRemoteSwiftPackageReference "Sparkle" */ = {
			isa = XCRemoteSwiftPackageReference;
			repositoryURL = "https://github.com/sparkle-project/Sparkle.git";
			requirement = {
				kind = upToNextMajorVersion;
				minimumVersion = 2.7.1;
			};
		};
/* End XCRemoteSwiftPackageReference section */

/* Begin XCSwiftPackageProductDependency section */
		AC5FA94C2E4BBE7F00823F5D /* Sparkle */ = {
			isa = XCSwiftPackageProductDependency;
			package = AC5FA94B2E4BBE7F00823F5D /* XCRemoteSwiftPackageReference "Sparkle" */;
			productName = Sparkle;
		};
/* End XCSwiftPackageProductDependency section */
	};
	rootObject = AC779D382DE101C300210E27 /* Project object */;
}
