// !$*UTF8*$!
{
	archiveVersion = 1;
	classes = {
	};
	objectVersion = 77;
	objects = {

/* Begin PBXBuildFile section */
		AC681E7B2E2A350F0082D5AC /* libopenmpt.a in Frameworks */ = {isa = PBXBuildFile; fileRef = AC681E7A2E2A34F50082D5AC /* libopenmpt.a */; };
		AC681E7C2E2A35200082D5AC /* libopenmpt.a in Frameworks */ = {isa = PBXBuildFile; fileRef = AC681E7A2E2A34F50082D5AC /* libopenmpt.a */; };
		AC681EBA2E2A38570082D5AC /* libc++.tbd in Frameworks */ = {isa = PBXBuildFile; fileRef = AC681EB92E2A38570082D5AC /* libc++.tbd */; };
		AC681EBB2E2A38650082D5AC /* libc++.tbd in Frameworks */ = {isa = PBXBuildFile; fileRef = AC681EB92E2A38570082D5AC /* libc++.tbd */; };
		AC681EBD2E2A38E00082D5AC /* libz.tbd in Frameworks */ = {isa = PBXBuildFile; fileRef = AC681EBC2E2A38E00082D5AC /* libz.tbd */; };
		AC681EBE2E2A38FE0082D5AC /* libz.tbd in Frameworks */ = {isa = PBXBuildFile; fileRef = AC681EBC2E2A38E00082D5AC /* libz.tbd */; };
		AC681EC32E2A3C900082D5AC /* libmpg123.a in Frameworks */ = {isa = PBXBuildFile; fileRef = AC681EC22E2A3C820082D5AC /* libmpg123.a */; };
		ACAD811A2E29417F002E64E7 /* AuDeluxeQL.appex in Embed Foundation Extensions */ = {isa = PBXBuildFile; fileRef = ACAD810B2E29417F002E64E7 /* AuDeluxeQL.appex */; settings = {ATTRIBUTES = (RemoveHeadersOnCopy, ); }; };
/* End PBXBuildFile section */

/* Begin PBXContainerItemProxy section */
		ACAD81182E29417F002E64E7 /* PBXContainerItemProxy */ = {
			isa = PBXContainerItemProxy;
			containerPortal = AC7C05212E253580007F777F /* Project object */;
			proxyType = 1;
			remoteGlobalIDString = ACAD810A2E29417F002E64E7;
			remoteInfo = AuDeluxeQL;
		};
/* End PBXContainerItemProxy section */

/* Begin PBXCopyFilesBuildPhase section */
		ACAD811B2E29417F002E64E7 /* Embed Foundation Extensions */ = {
			isa = PBXCopyFilesBuildPhase;
			buildActionMask = 2147483647;
			dstPath = "";
			dstSubfolderSpec = 13;
			files = (
				ACAD811A2E29417F002E64E7 /* AuDeluxeQL.appex in Embed Foundation Extensions */,
			);
			name = "Embed Foundation Extensions";
			runOnlyForDeploymentPostprocessing = 0;
		};
/* End PBXCopyFilesBuildPhase section */

/* Begin PBXFileReference section */
		AC0BF6632E2965820096670E /* CoreAudioTypes.framework */ = {isa = PBXFileReference; lastKnownFileType = wrapper.framework; name = CoreAudioTypes.framework; path = System/Library/Frameworks/CoreAudioTypes.framework; sourceTree = SDKROOT; };
		AC681E7A2E2A34F50082D5AC /* libopenmpt.a */ = {isa = PBXFileReference; lastKnownFileType = archive.ar; name = libopenmpt.a; path = Libraries/libopenmpt.a; sourceTree = "<group>"; };
		AC681EB92E2A38570082D5AC /* libc++.tbd */ = {isa = PBXFileReference; lastKnownFileType = "sourcecode.text-based-dylib-definition"; name = "libc++.tbd"; path = "usr/lib/libc++.tbd"; sourceTree = SDKROOT; };
		AC681EBC2E2A38E00082D5AC /* libz.tbd */ = {isa = PBXFileReference; lastKnownFileType = "sourcecode.text-based-dylib-definition"; name = libz.tbd; path = usr/lib/libz.tbd; sourceTree = SDKROOT; };
		AC681EC22E2A3C820082D5AC /* libmpg123.a */ = {isa = PBXFileReference; lastKnownFileType = archive.ar; name = libmpg123.a; path = Libraries/libmpg123.a; sourceTree = "<group>"; };
		AC7C05292E253580007F777F /* AuDeluxe.app */ = {isa = PBXFileReference; explicitFileType = wrapper.application; includeInIndex = 0; path = AuDeluxe.app; sourceTree = BUILT_PRODUCTS_DIR; };
		AC7C053C2E253643007F777F /* AuDeluxe-Bridging-Header.h */ = {isa = PBXFileReference; lastKnownFileType = sourcecode.c.h; name = "AuDeluxe-Bridging-Header.h"; path = "AuDeluxe/AuDeluxe-Bridging-Header.h"; sourceTree = "<group>"; };
		ACAD810B2E29417F002E64E7 /* AuDeluxeQL.appex */ = {isa = PBXFileReference; explicitFileType = "wrapper.app-extension"; includeInIndex = 0; path = AuDeluxeQL.appex; sourceTree = BUILT_PRODUCTS_DIR; };
		ACAD810C2E29417F002E64E7 /* Quartz.framework */ = {isa = PBXFileReference; lastKnownFileType = wrapper.framework; name = Quartz.framework; path = System/Library/Frameworks/Quartz.framework; sourceTree = SDKROOT; };
		ACAD815D2E295A24002E64E7 /* QuickLook.framework */ = {isa = PBXFileReference; lastKnownFileType = wrapper.framework; name = QuickLook.framework; path = System/Library/Frameworks/QuickLook.framework; sourceTree = SDKROOT; };
		ACAD815F2E295A2F002E64E7 /* SwiftUI.framework */ = {isa = PBXFileReference; lastKnownFileType = wrapper.framework; name = SwiftUI.framework; path = System/Library/Frameworks/SwiftUI.framework; sourceTree = SDKROOT; };
/* End PBXFileReference section */

/* Begin PBXFileSystemSynchronizedBuildFileExceptionSet section */
		AC0BF6652E2965D40096670E /* Exceptions for "AuDeluxe" folder in "AuDeluxe" target */ = {
			isa = PBXFileSystemSynchronizedBuildFileExceptionSet;
			membershipExceptions = (
				Info.plist,
			);
			target = AC7C05282E253580007F777F /* AuDeluxe */;
		};
		ACAD811E2E29417F002E64E7 /* Exceptions for "AuDeluxeQL" folder in "AuDeluxeQL" target */ = {
			isa = PBXFileSystemSynchronizedBuildFileExceptionSet;
			membershipExceptions = (
				Info.plist,
			);
			target = ACAD810A2E29417F002E64E7 /* AuDeluxeQL */;
		};
		ACAD813D2E2947F9002E64E7 /* Exceptions for "AuDeluxe" folder in "AuDeluxeQL" target */ = {
			isa = PBXFileSystemSynchronizedBuildFileExceptionSet;
			membershipExceptions = (
				Structures/PlaylistItem.swift,
				Views/InspectorView.swift,
			);
			target = ACAD810A2E29417F002E64E7 /* AuDeluxeQL */;
		};
/* End PBXFileSystemSynchronizedBuildFileExceptionSet section */

/* Begin PBXFileSystemSynchronizedRootGroup section */
		AC7C052B2E253580007F777F /* AuDeluxe */ = {
			isa = PBXFileSystemSynchronizedRootGroup;
			exceptions = (
				AC0BF6652E2965D40096670E /* Exceptions for "AuDeluxe" folder in "AuDeluxe" target */,
				ACAD813D2E2947F9002E64E7 /* Exceptions for "AuDeluxe" folder in "AuDeluxeQL" target */,
			);
			path = AuDeluxe;
			sourceTree = "<group>";
		};
		ACAD810E2E29417F002E64E7 /* AuDeluxeQL */ = {
			isa = PBXFileSystemSynchronizedRootGroup;
			exceptions = (
				ACAD811E2E29417F002E64E7 /* Exceptions for "AuDeluxeQL" folder in "AuDeluxeQL" target */,
			);
			path = AuDeluxeQL;
			sourceTree = "<group>";
		};
/* End PBXFileSystemSynchronizedRootGroup section */

/* Begin PBXFrameworksBuildPhase section */
		AC7C05262E253580007F777F /* Frameworks */ = {
			isa = PBXFrameworksBuildPhase;
			buildActionMask = 2147483647;
			files = (
				AC681EBD2E2A38E00082D5AC /* libz.tbd in Frameworks */,
				AC681EBA2E2A38570082D5AC /* libc++.tbd in Frameworks */,
				AC681E7B2E2A350F0082D5AC /* libopenmpt.a in Frameworks */,
			);
			runOnlyForDeploymentPostprocessing = 0;
		};
		ACAD81082E29417F002E64E7 /* Frameworks */ = {
			isa = PBXFrameworksBuildPhase;
			buildActionMask = 2147483647;
			files = (
				AC681EBE2E2A38FE0082D5AC /* libz.tbd in Frameworks */,
				AC681EBB2E2A38650082D5AC /* libc++.tbd in Frameworks */,
				AC681E7C2E2A35200082D5AC /* libopenmpt.a in Frameworks */,
				AC681EC32E2A3C900082D5AC /* libmpg123.a in Frameworks */,
			);
			runOnlyForDeploymentPostprocessing = 0;
		};
/* End PBXFrameworksBuildPhase section */

/* Begin PBXGroup section */
		AC7C05202E253580007F777F = {
			isa = PBXGroup;
			children = (
				AC7C053C2E253643007F777F /* AuDeluxe-Bridging-Header.h */,
				AC7C052B2E253580007F777F /* AuDeluxe */,
				ACAD810E2E29417F002E64E7 /* AuDeluxeQL */,
				AC7C05382E253617007F777F /* Frameworks */,
				AC7C052A2E253580007F777F /* Products */,
			);
			sourceTree = "<group>";
		};
		AC7C052A2E253580007F777F /* Products */ = {
			isa = PBXGroup;
			children = (
				AC7C05292E253580007F777F /* AuDeluxe.app */,
				ACAD810B2E29417F002E64E7 /* AuDeluxeQL.appex */,
			);
			name = Products;
			sourceTree = "<group>";
		};
		AC7C05382E253617007F777F /* Frameworks */ = {
			isa = PBXGroup;
			children = (
				AC681EC22E2A3C820082D5AC /* libmpg123.a */,
				AC681EBC2E2A38E00082D5AC /* libz.tbd */,
				AC681EB92E2A38570082D5AC /* libc++.tbd */,
				AC681E7A2E2A34F50082D5AC /* libopenmpt.a */,
				AC0BF6632E2965820096670E /* CoreAudioTypes.framework */,
				ACAD815F2E295A2F002E64E7 /* SwiftUI.framework */,
				ACAD815D2E295A24002E64E7 /* QuickLook.framework */,
				ACAD810C2E29417F002E64E7 /* Quartz.framework */,
			);
			name = Frameworks;
			sourceTree = "<group>";
		};
/* End PBXGroup section */

/* Begin PBXNativeTarget section */
		AC7C05282E253580007F777F /* AuDeluxe */ = {
			isa = PBXNativeTarget;
			buildConfigurationList = AC7C05352E253581007F777F /* Build configuration list for PBXNativeTarget "AuDeluxe" */;
			buildPhases = (
				AC7C05252E253580007F777F /* Sources */,
				AC7C05262E253580007F777F /* Frameworks */,
				AC7C05272E253580007F777F /* Resources */,
				ACAD811B2E29417F002E64E7 /* Embed Foundation Extensions */,
			);
			buildRules = (
			);
			dependencies = (
				ACAD81192E29417F002E64E7 /* PBXTargetDependency */,
			);
			fileSystemSynchronizedGroups = (
				AC7C052B2E253580007F777F /* AuDeluxe */,
			);
			name = AuDeluxe;
			packageProductDependencies = (
			);
			productName = AuDeluxe;
			productReference = AC7C05292E253580007F777F /* AuDeluxe.app */;
			productType = "com.apple.product-type.application";
		};
		ACAD810A2E29417F002E64E7 /* AuDeluxeQL */ = {
			isa = PBXNativeTarget;
			buildConfigurationList = ACAD811F2E29417F002E64E7 /* Build configuration list for PBXNativeTarget "AuDeluxeQL" */;
			buildPhases = (
				ACAD81072E29417F002E64E7 /* Sources */,
				ACAD81082E29417F002E64E7 /* Frameworks */,
				ACAD81092E29417F002E64E7 /* Resources */,
			);
			buildRules = (
			);
			dependencies = (
			);
			fileSystemSynchronizedGroups = (
				ACAD810E2E29417F002E64E7 /* AuDeluxeQL */,
			);
			name = AuDeluxeQL;
			packageProductDependencies = (
			);
			productName = AuDeluxeQL;
			productReference = ACAD810B2E29417F002E64E7 /* AuDeluxeQL.appex */;
			productType = "com.apple.product-type.app-extension";
		};
/* End PBXNativeTarget section */

/* Begin PBXProject section */
		AC7C05212E253580007F777F /* Project object */ = {
			isa = PBXProject;
			attributes = {
				BuildIndependentTargetsInParallel = 1;
				LastSwiftUpdateCheck = 1640;
				LastUpgradeCheck = 1640;
				TargetAttributes = {
					AC7C05282E253580007F777F = {
						CreatedOnToolsVersion = 16.4;
					};
					ACAD810A2E29417F002E64E7 = {
						CreatedOnToolsVersion = 16.4;
					};
				};
			};
			buildConfigurationList = AC7C05242E253580007F777F /* Build configuration list for PBXProject "AuDeluxe" */;
			developmentRegion = en;
			hasScannedForEncodings = 0;
			knownRegions = (
				en,
				Base,
			);
			mainGroup = AC7C05202E253580007F777F;
			minimizedProjectReferenceProxies = 1;
			preferredProjectObjectVersion = 77;
			productRefGroup = AC7C052A2E253580007F777F /* Products */;
			projectDirPath = "";
			projectRoot = "";
			targets = (
				AC7C05282E253580007F777F /* AuDeluxe */,
				ACAD810A2E29417F002E64E7 /* AuDeluxeQL */,
			);
		};
/* End PBXProject section */

/* Begin PBXResourcesBuildPhase section */
		AC7C05272E253580007F777F /* Resources */ = {
			isa = PBXResourcesBuildPhase;
			buildActionMask = 2147483647;
			files = (
			);
			runOnlyForDeploymentPostprocessing = 0;
		};
		ACAD81092E29417F002E64E7 /* Resources */ = {
			isa = PBXResourcesBuildPhase;
			buildActionMask = 2147483647;
			files = (
			);
			runOnlyForDeploymentPostprocessing = 0;
		};
/* End PBXResourcesBuildPhase section */

/* Begin PBXSourcesBuildPhase section */
		AC7C05252E253580007F777F /* Sources */ = {
			isa = PBXSourcesBuildPhase;
			buildActionMask = 2147483647;
			files = (
			);
			runOnlyForDeploymentPostprocessing = 0;
		};
		ACAD81072E29417F002E64E7 /* Sources */ = {
			isa = PBXSourcesBuildPhase;
			buildActionMask = 2147483647;
			files = (
			);
			runOnlyForDeploymentPostprocessing = 0;
		};
/* End PBXSourcesBuildPhase section */

/* Begin PBXTargetDependency section */
		ACAD81192E29417F002E64E7 /* PBXTargetDependency */ = {
			isa = PBXTargetDependency;
			target = ACAD810A2E29417F002E64E7 /* AuDeluxeQL */;
			targetProxy = ACAD81182E29417F002E64E7 /* PBXContainerItemProxy */;
		};
/* End PBXTargetDependency section */

/* Begin XCBuildConfiguration section */
		AC7C05332E253581007F777F /* Debug */ = {
			isa = XCBuildConfiguration;
			buildSettings = {
				ALWAYS_SEARCH_USER_PATHS = NO;
				ASSETCATALOG_COMPILER_GENERATE_SWIFT_ASSET_SYMBOL_EXTENSIONS = YES;
				CLANG_ANALYZER_NONNULL = YES;
				CLANG_ANALYZER_NUMBER_OBJECT_CONVERSION = YES_AGGRESSIVE;
				CLANG_CXX_LANGUAGE_STANDARD = "gnu++20";
				CLANG_ENABLE_MODULES = YES;
				CLANG_ENABLE_OBJC_ARC = YES;
				CLANG_ENABLE_OBJC_WEAK = YES;
				CLANG_WARN_BLOCK_CAPTURE_AUTORELEASING = YES;
				CLANG_WARN_BOOL_CONVERSION = YES;
				CLANG_WARN_COMMA = YES;
				CLANG_WARN_CONSTANT_CONVERSION = YES;
				CLANG_WARN_DEPRECATED_OBJC_IMPLEMENTATIONS = YES;
				CLANG_WARN_DIRECT_OBJC_ISA_USAGE = YES_ERROR;
				CLANG_WARN_DOCUMENTATION_COMMENTS = YES;
				CLANG_WARN_EMPTY_BODY = YES;
				CLANG_WARN_ENUM_CONVERSION = YES;
				CLANG_WARN_INFINITE_RECURSION = YES;
				CLANG_WARN_INT_CONVERSION = YES;
				CLANG_WARN_NON_LITERAL_NULL_CONVERSION = YES;
				CLANG_WARN_OBJC_IMPLICIT_RETAIN_SELF = YES;
				CLANG_WARN_OBJC_LITERAL_CONVERSION = YES;
				CLANG_WARN_OBJC_ROOT_CLASS = YES_ERROR;
				CLANG_WARN_QUOTED_INCLUDE_IN_FRAMEWORK_HEADER = YES;
				CLANG_WARN_RANGE_LOOP_ANALYSIS = YES;
				CLANG_WARN_STRICT_PROTOTYPES = YES;
				CLANG_WARN_SUSPICIOUS_MOVE = YES;
				CLANG_WARN_UNGUARDED_AVAILABILITY = YES_AGGRESSIVE;
				CLANG_WARN_UNREACHABLE_CODE = YES;
				CLANG_WARN__DUPLICATE_METHOD_MATCH = YES;
				COPY_PHASE_STRIP = NO;
				DEBUG_INFORMATION_FORMAT = dwarf;
				DEVELOPMENT_TEAM = QQ9PTQU945;
				ENABLE_STRICT_OBJC_MSGSEND = YES;
				ENABLE_TESTABILITY = YES;
				ENABLE_USER_SCRIPT_SANDBOXING = YES;
				GCC_C_LANGUAGE_STANDARD = gnu17;
				GCC_DYNAMIC_NO_PIC = NO;
				GCC_NO_COMMON_BLOCKS = YES;
				GCC_OPTIMIZATION_LEVEL = 0;
				GCC_PREPROCESSOR_DEFINITIONS = (
					"DEBUG=1",
					"$(inherited)",
				);
				GCC_WARN_64_TO_32_BIT_CONVERSION = YES;
				GCC_WARN_ABOUT_RETURN_TYPE = YES_ERROR;
				GCC_WARN_UNDECLARED_SELECTOR = YES;
				GCC_WARN_UNINITIALIZED_AUTOS = YES_AGGRESSIVE;
				GCC_WARN_UNUSED_FUNCTION = YES;
				GCC_WARN_UNUSED_VARIABLE = YES;
				LOCALIZATION_PREFERS_STRING_CATALOGS = YES;
				MACOSX_DEPLOYMENT_TARGET = 15.5;
				MTL_ENABLE_DEBUG_INFO = INCLUDE_SOURCE;
				MTL_FAST_MATH = YES;
				ONLY_ACTIVE_ARCH = YES;
				SDKROOT = macosx;
				SWIFT_ACTIVE_COMPILATION_CONDITIONS = "DEBUG $(inherited)";
				SWIFT_OPTIMIZATION_LEVEL = "-Onone";
			};
			name = Debug;
		};
		AC7C05342E253581007F777F /* Release */ = {
			isa = XCBuildConfiguration;
			buildSettings = {
				ALWAYS_SEARCH_USER_PATHS = NO;
				ASSETCATALOG_COMPILER_GENERATE_SWIFT_ASSET_SYMBOL_EXTENSIONS = YES;
				CLANG_ANALYZER_NONNULL = YES;
				CLANG_ANALYZER_NUMBER_OBJECT_CONVERSION = YES_AGGRESSIVE;
				CLANG_CXX_LANGUAGE_STANDARD = "gnu++20";
				CLANG_ENABLE_MODULES = YES;
				CLANG_ENABLE_OBJC_ARC = YES;
				CLANG_ENABLE_OBJC_WEAK = YES;
				CLANG_WARN_BLOCK_CAPTURE_AUTORELEASING = YES;
				CLANG_WARN_BOOL_CONVERSION = YES;
				CLANG_WARN_COMMA = YES;
				CLANG_WARN_CONSTANT_CONVERSION = YES;
				CLANG_WARN_DEPRECATED_OBJC_IMPLEMENTATIONS = YES;
				CLANG_WARN_DIRECT_OBJC_ISA_USAGE = YES_ERROR;
				CLANG_WARN_DOCUMENTATION_COMMENTS = YES;
				CLANG_WARN_EMPTY_BODY = YES;
				CLANG_WARN_ENUM_CONVERSION = YES;
				CLANG_WARN_INFINITE_RECURSION = YES;
				CLANG_WARN_INT_CONVERSION = YES;
				CLANG_WARN_NON_LITERAL_NULL_CONVERSION = YES;
				CLANG_WARN_OBJC_IMPLICIT_RETAIN_SELF = YES;
				CLANG_WARN_OBJC_LITERAL_CONVERSION = YES;
				CLANG_WARN_OBJC_ROOT_CLASS = YES_ERROR;
				CLANG_WARN_QUOTED_INCLUDE_IN_FRAMEWORK_HEADER = YES;
				CLANG_WARN_RANGE_LOOP_ANALYSIS = YES;
				CLANG_WARN_STRICT_PROTOTYPES = YES;
				CLANG_WARN_SUSPICIOUS_MOVE = YES;
				CLANG_WARN_UNGUARDED_AVAILABILITY = YES_AGGRESSIVE;
				CLANG_WARN_UNREACHABLE_CODE = YES;
				CLANG_WARN__DUPLICATE_METHOD_MATCH = YES;
				COPY_PHASE_STRIP = NO;
				DEBUG_INFORMATION_FORMAT = "dwarf-with-dsym";
				DEVELOPMENT_TEAM = QQ9PTQU945;
				ENABLE_NS_ASSERTIONS = NO;
				ENABLE_STRICT_OBJC_MSGSEND = YES;
				ENABLE_USER_SCRIPT_SANDBOXING = YES;
				GCC_C_LANGUAGE_STANDARD = gnu17;
				GCC_NO_COMMON_BLOCKS = YES;
				GCC_WARN_64_TO_32_BIT_CONVERSION = YES;
				GCC_WARN_ABOUT_RETURN_TYPE = YES_ERROR;
				GCC_WARN_UNDECLARED_SELECTOR = YES;
				GCC_WARN_UNINITIALIZED_AUTOS = YES_AGGRESSIVE;
				GCC_WARN_UNUSED_FUNCTION = YES;
				GCC_WARN_UNUSED_VARIABLE = YES;
				LOCALIZATION_PREFERS_STRING_CATALOGS = YES;
				MACOSX_DEPLOYMENT_TARGET = 15.5;
				MTL_ENABLE_DEBUG_INFO = NO;
				MTL_FAST_MATH = YES;
				SDKROOT = macosx;
				SWIFT_COMPILATION_MODE = wholemodule;
			};
			name = Release;
		};
		AC7C05362E253581007F777F /* Debug */ = {
			isa = XCBuildConfiguration;
			buildSettings = {
				ASSETCATALOG_COMPILER_APPICON_NAME = AppIcon;
				ASSETCATALOG_COMPILER_GLOBAL_ACCENT_COLOR_NAME = AccentColor;
				CODE_SIGN_ENTITLEMENTS = AuDeluxe/AuDeluxe.entitlements;
				"CODE_SIGN_IDENTITY[sdk=macosx*]" = "-";
				CODE_SIGN_STYLE = Automatic;
				COMBINE_HIDPI_IMAGES = YES;
				CURRENT_PROJECT_VERSION = 45;
				DEVELOPMENT_TEAM = QQ9PTQU945;
				ENABLE_HARDENED_RUNTIME = YES;
				ENABLE_PREVIEWS = YES;
				ENABLE_USER_SCRIPT_SANDBOXING = NO;
				EXCLUDED_ARCHS = x86_64;
				GENERATE_INFOPLIST_FILE = YES;
				HEADER_SEARCH_PATHS = /opt/homebrew/include;
				INFOPLIST_FILE = AuDeluxe/Info.plist;
				INFOPLIST_KEY_CFBundleDisplayName = "";
				INFOPLIST_KEY_LSApplicationCategoryType = "public.app-category.entertainment";
				INFOPLIST_KEY_NSHumanReadableCopyright = "";
				LD_RUNPATH_SEARCH_PATHS = "";
				LIBRARY_SEARCH_PATHS = (
					"$(PROJECT_DIR)/Libraries",
					/opt/homebrew/Cellar/mpg123/1.33.0/lib,
				);
				MARKETING_VERSION = 1.0;
				OTHER_LDFLAGS = "-lmpg123";
				PRODUCT_BUNDLE_IDENTIFIER = com.theblifemovement.AuDeluxe;
				PRODUCT_NAME = "$(TARGET_NAME)";
				REGISTER_APP_GROUPS = YES;
				SWIFT_EMIT_LOC_STRINGS = YES;
				SWIFT_OBJC_BRIDGING_HEADER = "$(SRCROOT)/AuDeluxe/AuDeluxe-Bridging-Header.h";
				SWIFT_VERSION = 5.0;
			};
			name = Debug;
		};
		AC7C05372E253581007F777F /* Release */ = {
			isa = XCBuildConfiguration;
			buildSettings = {
				ASSETCATALOG_COMPILER_APPICON_NAME = AppIcon;
				ASSETCATALOG_COMPILER_GLOBAL_ACCENT_COLOR_NAME = AccentColor;
				CODE_SIGN_ENTITLEMENTS = AuDeluxe/AuDeluxe.entitlements;
				"CODE_SIGN_IDENTITY[sdk=macosx*]" = "-";
				CODE_SIGN_STYLE = Automatic;
				COMBINE_HIDPI_IMAGES = YES;
				CURRENT_PROJECT_VERSION = 45;
				DEVELOPMENT_TEAM = QQ9PTQU945;
				ENABLE_HARDENED_RUNTIME = YES;
				ENABLE_PREVIEWS = YES;
				ENABLE_USER_SCRIPT_SANDBOXING = NO;
				EXCLUDED_ARCHS = x86_64;
				GENERATE_INFOPLIST_FILE = YES;
				HEADER_SEARCH_PATHS = /opt/homebrew/include;
				INFOPLIST_FILE = AuDeluxe/Info.plist;
				INFOPLIST_KEY_CFBundleDisplayName = "";
				INFOPLIST_KEY_LSApplicationCategoryType = "public.app-category.entertainment";
				INFOPLIST_KEY_NSHumanReadableCopyright = "";
				LD_RUNPATH_SEARCH_PATHS = "";
				LIBRARY_SEARCH_PATHS = (
					"$(PROJECT_DIR)/Libraries",
					/opt/homebrew/Cellar/mpg123/1.33.0/lib,
				);
				MARKETING_VERSION = 1.0;
				OTHER_LDFLAGS = "-lmpg123";
				PRODUCT_BUNDLE_IDENTIFIER = com.theblifemovement.AuDeluxe;
				PRODUCT_NAME = "$(TARGET_NAME)";
				REGISTER_APP_GROUPS = YES;
				SWIFT_EMIT_LOC_STRINGS = YES;
				SWIFT_OBJC_BRIDGING_HEADER = "$(SRCROOT)/AuDeluxe/AuDeluxe-Bridging-Header.h";
				SWIFT_VERSION = 5.0;
			};
			name = Release;
		};
		ACAD811C2E29417F002E64E7 /* Debug */ = {
			isa = XCBuildConfiguration;
			buildSettings = {
				CODE_SIGN_ENTITLEMENTS = AuDeluxeQL/AuDeluxeQL.entitlements;
				"CODE_SIGN_IDENTITY[sdk=macosx*]" = "-";
				CODE_SIGN_STYLE = Automatic;
				CURRENT_PROJECT_VERSION = 45;
				DEVELOPMENT_TEAM = QQ9PTQU945;
				ENABLE_HARDENED_RUNTIME = YES;
				EXCLUDED_ARCHS = x86_64;
				GENERATE_INFOPLIST_FILE = YES;
				HEADER_SEARCH_PATHS = /opt/homebrew/include;
				INFOPLIST_FILE = AuDeluxeQL/Info.plist;
				INFOPLIST_KEY_CFBundleDisplayName = AuDeluxeQL;
				INFOPLIST_KEY_NSHumanReadableCopyright = "";
				LD_RUNPATH_SEARCH_PATHS = "";
				LIBRARY_SEARCH_PATHS = (
					"$(PROJECT_DIR)/Libraries",
					/opt/homebrew/Cellar/mpg123/1.33.0/lib,
				);
				MARKETING_VERSION = 1.0;
				PRODUCT_BUNDLE_IDENTIFIER = com.theblifemovement.AuDeluxe.AuDeluxeQL;
				PRODUCT_NAME = "$(TARGET_NAME)";
				SKIP_INSTALL = YES;
				SWIFT_EMIT_LOC_STRINGS = YES;
				SWIFT_OBJC_BRIDGING_HEADER = "$(SRCROOT)/AuDeluxeQL/AuDeluxeQL-Bridging-Header.h";
				SWIFT_VERSION = 5.0;
			};
			name = Debug;
		};
		ACAD811D2E29417F002E64E7 /* Release */ = {
			isa = XCBuildConfiguration;
			buildSettings = {
				CODE_SIGN_ENTITLEMENTS = AuDeluxeQL/AuDeluxeQL.entitlements;
				"CODE_SIGN_IDENTITY[sdk=macosx*]" = "-";
				CODE_SIGN_STYLE = Automatic;
				CURRENT_PROJECT_VERSION = 45;
				DEVELOPMENT_TEAM = QQ9PTQU945;
				ENABLE_HARDENED_RUNTIME = YES;
				EXCLUDED_ARCHS = x86_64;
				GENERATE_INFOPLIST_FILE = YES;
				HEADER_SEARCH_PATHS = /opt/homebrew/include;
				INFOPLIST_FILE = AuDeluxeQL/Info.plist;
				INFOPLIST_KEY_CFBundleDisplayName = AuDeluxeQL;
				INFOPLIST_KEY_NSHumanReadableCopyright = "";
				LD_RUNPATH_SEARCH_PATHS = "";
				LIBRARY_SEARCH_PATHS = (
					"$(PROJECT_DIR)/Libraries",
					/opt/homebrew/Cellar/mpg123/1.33.0/lib,
				);
				MARKETING_VERSION = 1.0;
				PRODUCT_BUNDLE_IDENTIFIER = com.theblifemovement.AuDeluxe.AuDeluxeQL;
				PRODUCT_NAME = "$(TARGET_NAME)";
				SKIP_INSTALL = YES;
				SWIFT_EMIT_LOC_STRINGS = YES;
				SWIFT_OBJC_BRIDGING_HEADER = "$(SRCROOT)/AuDeluxeQL/AuDeluxeQL-Bridging-Header.h";
				SWIFT_VERSION = 5.0;
			};
			name = Release;
		};
/* End XCBuildConfiguration section */

/* Begin XCConfigurationList section */
		AC7C05242E253580007F777F /* Build configuration list for PBXProject "AuDeluxe" */ = {
			isa = XCConfigurationList;
			buildConfigurations = (
				AC7C05332E253581007F777F /* Debug */,
				AC7C05342E253581007F777F /* Release */,
			);
			defaultConfigurationIsVisible = 0;
			defaultConfigurationName = Release;
		};
		AC7C05352E253581007F777F /* Build configuration list for PBXNativeTarget "AuDeluxe" */ = {
			isa = XCConfigurationList;
			buildConfigurations = (
				AC7C05362E253581007F777F /* Debug */,
				AC7C05372E253581007F777F /* Release */,
			);
			defaultConfigurationIsVisible = 0;
			defaultConfigurationName = Release;
		};
		ACAD811F2E29417F002E64E7 /* Build configuration list for PBXNativeTarget "AuDeluxeQL" */ = {
			isa = XCConfigurationList;
			buildConfigurations = (
				ACAD811C2E29417F002E64E7 /* Debug */,
				ACAD811D2E29417F002E64E7 /* Release */,
			);
			defaultConfigurationIsVisible = 0;
			defaultConfigurationName = Release;
		};
/* End XCConfigurationList section */
	};
	rootObject = AC7C05212E253580007F777F /* Project object */;
}
